// !$*UTF8*$!
{
	archiveVersion = 1;
	classes = {
	};
	objectVersion = 51;
	objects = {

/* Begin PBXBuildFile section */
		26D14CDFA9215F9A43A711C2 /* Pods_WhatFlowerMT.framework in Frameworks */ = {isa = PBXBuildFile; fileRef = 8869A992167F75D0D5EFE1D7 /* Pods_WhatFlowerMT.framework */; };
		6D6493AF248C4DB6001D8B72 /* AppDelegate.swift in Sources */ = {isa = PBXBuildFile; fileRef = 6D6493AE248C4DB6001D8B72 /* AppDelegate.swift */; };
		6D6493B1248C4DB6001D8B72 /* SceneDelegate.swift in Sources */ = {isa = PBXBuildFile; fileRef = 6D6493B0248C4DB6001D8B72 /* SceneDelegate.swift */; };
		6D6493B3248C4DB6001D8B72 /* ViewController.swift in Sources */ = {isa = PBXBuildFile; fileRef = 6D6493B2248C4DB6001D8B72 /* ViewController.swift */; };
		6D6493B6248C4DB6001D8B72 /* Main.storyboard in Resources */ = {isa = PBXBuildFile; fileRef = 6D6493B4248C4DB6001D8B72 /* Main.storyboard */; };
		6D6493B9248C4DB6001D8B72 /* WhatFlowerMT.xcdatamodeld in Sources */ = {isa = PBXBuildFile; fileRef = 6D6493B7248C4DB6001D8B72 /* WhatFlowerMT.xcdatamodeld */; };
		6D6493BB248C4DB7001D8B72 /* Assets.xcassets in Resources */ = {isa = PBXBuildFile; fileRef = 6D6493BA248C4DB7001D8B72 /* Assets.xcassets */; };
		6D6493BE248C4DB7001D8B72 /* LaunchScreen.storyboard in Resources */ = {isa = PBXBuildFile; fileRef = 6D6493BC248C4DB7001D8B72 /* LaunchScreen.storyboard */; };
		6D6493C8248C56ED001D8B72 /* FlowerClassifier.mlmodel in Sources */ = {isa = PBXBuildFile; fileRef = 6D6493C7248C56ED001D8B72 /* FlowerClassifier.mlmodel */; };
/* End PBXBuildFile section */

/* Begin PBXFileReference section */
		6D6493AB248C4DB6001D8B72 /* WhatFlowerMT.app */ = {isa = PBXFileReference; explicitFileType = wrapper.application; includeInIndex = 0; path = WhatFlowerMT.app; sourceTree = BUILT_PRODUCTS_DIR; };
		6D6493AE248C4DB6001D8B72 /* AppDelegate.swift */ = {isa = PBXFileReference; lastKnownFileType = sourcecode.swift; path = AppDelegate.swift; sourceTree = "<group>"; };
		6D6493B0248C4DB6001D8B72 /* SceneDelegate.swift */ = {isa = PBXFileReference; lastKnownFileType = sourcecode.swift; path = SceneDelegate.swift; sourceTree = "<group>"; };
		6D6493B2248C4DB6001D8B72 /* ViewController.swift */ = {isa = PBXFileReference; lastKnownFileType = sourcecode.swift; path = ViewController.swift; sourceTree = "<group>"; };
		6D6493B5248C4DB6001D8B72 /* Base */ = {isa = PBXFileReference; lastKnownFileType = file.storyboard; name = Base; path = Base.lproj/Main.storyboard; sourceTree = "<group>"; };
		6D6493B8248C4DB6001D8B72 /* WhatFlowerMT.xcdatamodel */ = {isa = PBXFileReference; lastKnownFileType = wrapper.xcdatamodel; path = WhatFlowerMT.xcdatamodel; sourceTree = "<group>"; };
		6D6493BA248C4DB7001D8B72 /* Assets.xcassets */ = {isa = PBXFileReference; lastKnownFileType = folder.assetcatalog; path = Assets.xcassets; sourceTree = "<group>"; };
		6D6493BD248C4DB7001D8B72 /* Base */ = {isa = PBXFileReference; lastKnownFileType = file.storyboard; name = Base; path = Base.lproj/LaunchScreen.storyboard; sourceTree = "<group>"; };
		6D6493BF248C4DB7001D8B72 /* Info.plist */ = {isa = PBXFileReference; lastKnownFileType = text.plist.xml; path = Info.plist; sourceTree = "<group>"; };
		6D6493C7248C56ED001D8B72 /* FlowerClassifier.mlmodel */ = {isa = PBXFileReference; lastKnownFileType = file.mlmodel; path = FlowerClassifier.mlmodel; sourceTree = "<group>"; };
		8869A992167F75D0D5EFE1D7 /* Pods_WhatFlowerMT.framework */ = {isa = PBXFileReference; explicitFileType = wrapper.framework; includeInIndex = 0; path = Pods_WhatFlowerMT.framework; sourceTree = BUILT_PRODUCTS_DIR; };
		95D262D1B8FC066755D9A0D8 /* Pods-WhatFlowerMT.debug.xcconfig */ = {isa = PBXFileReference; includeInIndex = 1; lastKnownFileType = text.xcconfig; name = "Pods-WhatFlowerMT.debug.xcconfig"; path = "Target Support Files/Pods-WhatFlowerMT/Pods-WhatFlowerMT.debug.xcconfig"; sourceTree = "<group>"; };
		C1DAFA964376EBBC73F1D8FD /* Pods-WhatFlowerMT.release.xcconfig */ = {isa = PBXFileReference; includeInIndex = 1; lastKnownFileType = text.xcconfig; name = "Pods-WhatFlowerMT.release.xcconfig"; path = "Target Support Files/Pods-WhatFlowerMT/Pods-WhatFlowerMT.release.xcconfig"; sourceTree = "<group>"; };
/* End PBXFileReference section */

/* Begin PBXFrameworksBuildPhase section */
		6D6493A8248C4DB6001D8B72 /* Frameworks */ = {
			isa = PBXFrameworksBuildPhase;
			buildActionMask = 2147483647;
			files = (
				26D14CDFA9215F9A43A711C2 /* Pods_WhatFlowerMT.framework in Frameworks */,
			);
			runOnlyForDeploymentPostprocessing = 0;
		};
/* End PBXFrameworksBuildPhase section */

/* Begin PBXGroup section */
		079E47BBB6BFFD66F465EF0C /* Pods */ = {
			isa = PBXGroup;
			children = (
				95D262D1B8FC066755D9A0D8 /* Pods-WhatFlowerMT.debug.xcconfig */,
				C1DAFA964376EBBC73F1D8FD /* Pods-WhatFlowerMT.release.xcconfig */,
			);
			path = Pods;
			sourceTree = "<group>";
		};
		6D509954248DE79900E105D1 /* Controller */ = {
			isa = PBXGroup;
			children = (
				6D6493B2248C4DB6001D8B72 /* ViewController.swift */,
			);
			path = Controller;
			sourceTree = "<group>";
		};
		6D509955248DE7A900E105D1 /* View */ = {
			isa = PBXGroup;
			children = (
				6D6493B4248C4DB6001D8B72 /* Main.storyboard */,
			);
			path = View;
			sourceTree = "<group>";
		};
		6D6493A2248C4DB6001D8B72 = {
			isa = PBXGroup;
			children = (
				6D6493AD248C4DB6001D8B72 /* WhatFlowerMT */,
				6D6493AC248C4DB6001D8B72 /* Products */,
				079E47BBB6BFFD66F465EF0C /* Pods */,
				DBFBFF66EBEEE36CD5C3DE82 /* Frameworks */,
			);
			sourceTree = "<group>";
		};
		6D6493AC248C4DB6001D8B72 /* Products */ = {
			isa = PBXGroup;
			children = (
				6D6493AB248C4DB6001D8B72 /* WhatFlowerMT.app */,
			);
			name = Products;
			sourceTree = "<group>";
		};
		6D6493AD248C4DB6001D8B72 /* WhatFlowerMT */ = {
			isa = PBXGroup;
			children = (
				6D6493AE248C4DB6001D8B72 /* AppDelegate.swift */,
				6D6493B0248C4DB6001D8B72 /* SceneDelegate.swift */,
				6D509954248DE79900E105D1 /* Controller */,
				6D509955248DE7A900E105D1 /* View */,
				6D6493BA248C4DB7001D8B72 /* Assets.xcassets */,
				6D6493BC248C4DB7001D8B72 /* LaunchScreen.storyboard */,
				6D6493BF248C4DB7001D8B72 /* Info.plist */,
				6D6493B7248C4DB6001D8B72 /* WhatFlowerMT.xcdatamodeld */,
				6D6493C7248C56ED001D8B72 /* FlowerClassifier.mlmodel */,
			);
			path = WhatFlowerMT;
			sourceTree = "<group>";
		};
		DBFBFF66EBEEE36CD5C3DE82 /* Frameworks */ = {
			isa = PBXGroup;
			children = (
				8869A992167F75D0D5EFE1D7 /* Pods_WhatFlowerMT.framework */,
			);
			name = Frameworks;
			sourceTree = "<group>";
		};
/* End PBXGroup section */

/* Begin PBXNativeTarget section */
		6D6493AA248C4DB6001D8B72 /* WhatFlowerMT */ = {
			isa = PBXNativeTarget;
			buildConfigurationList = 6D6493C2248C4DB7001D8B72 /* Build configuration list for PBXNativeTarget "WhatFlowerMT" */;
			buildPhases = (
				77D498C8527E0A2B6281C32A /* [CP] Check Pods Manifest.lock */,
				6D6493A7248C4DB6001D8B72 /* Sources */,
				6D6493A8248C4DB6001D8B72 /* Frameworks */,
				6D6493A9248C4DB6001D8B72 /* Resources */,
				CAE5179FCD07E8F6CF381272 /* [CP] Embed Pods Frameworks */,
			);
			buildRules = (
			);
			dependencies = (
			);
			name = WhatFlowerMT;
			productName = WhatFlowerMT;
			productReference = 6D6493AB248C4DB6001D8B72 /* WhatFlowerMT.app */;
			productType = "com.apple.product-type.application";
		};
/* End PBXNativeTarget section */

/* Begin PBXProject section */
		6D6493A3248C4DB6001D8B72 /* Project object */ = {
			isa = PBXProject;
			attributes = {
				LastSwiftUpdateCheck = 1150;
				LastUpgradeCheck = 1150;
				ORGANIZATIONNAME = "Michael Tang";
				TargetAttributes = {
					6D6493AA248C4DB6001D8B72 = {
						CreatedOnToolsVersion = 11.5;
					};
				};
			};
			buildConfigurationList = 6D6493A6248C4DB6001D8B72 /* Build configuration list for PBXProject "WhatFlowerMT" */;
			compatibilityVersion = "Xcode 9.3";
			developmentRegion = en;
			hasScannedForEncodings = 0;
			knownRegions = (
				en,
				Base,
			);
			mainGroup = 6D6493A2248C4DB6001D8B72;
			productRefGroup = 6D6493AC248C4DB6001D8B72 /* Products */;
			projectDirPath = "";
			projectRoot = "";
			targets = (
				6D6493AA248C4DB6001D8B72 /* WhatFlowerMT */,
			);
		};
/* End PBXProject section */

/* Begin PBXResourcesBuildPhase section */
		6D6493A9248C4DB6001D8B72 /* Resources */ = {
			isa = PBXResourcesBuildPhase;
			buildActionMask = 2147483647;
			files = (
				6D6493BE248C4DB7001D8B72 /* LaunchScreen.storyboard in Resources */,
				6D6493BB248C4DB7001D8B72 /* Assets.xcassets in Resources */,
				6D6493B6248C4DB6001D8B72 /* Main.storyboard in Resources */,
			);
			runOnlyForDeploymentPostprocessing = 0;
		};
/* End PBXResourcesBuildPhase section */

/* Begin PBXShellScriptBuildPhase section */
		77D498C8527E0A2B6281C32A /* [CP] Check Pods Manifest.lock */ = {
			isa = PBXShellScriptBuildPhase;
			buildActionMask = 2147483647;
			files = (
			);
			inputFileListPaths = (
			);
			inputPaths = (
				"${PODS_PODFILE_DIR_PATH}/Podfile.lock",
				"${PODS_ROOT}/Manifest.lock",
			);
			name = "[CP] Check Pods Manifest.lock";
			outputFileListPaths = (
			);
			outputPaths = (
				"$(DERIVED_FILE_DIR)/Pods-WhatFlowerMT-checkManifestLockResult.txt",
			);
			runOnlyForDeploymentPostprocessing = 0;
			shellPath = /bin/sh;
			shellScript = "diff \"${PODS_PODFILE_DIR_PATH}/Podfile.lock\" \"${PODS_ROOT}/Manifest.lock\" > /dev/null\nif [ $? != 0 ] ; then\n    # print error to STDERR\n    echo \"error: The sandbox is not in sync with the Podfile.lock. Run 'pod install' or update your CocoaPods installation.\" >&2\n    exit 1\nfi\n# This output is used by Xcode 'outputs' to avoid re-running this script phase.\necho \"SUCCESS\" > \"${SCRIPT_OUTPUT_FILE_0}\"\n";
			showEnvVarsInLog = 0;
		};
		CAE5179FCD07E8F6CF381272 /* [CP] Embed Pods Frameworks */ = {
			isa = PBXShellScriptBuildPhase;
			buildActionMask = 2147483647;
			files = (
			);
			inputFileListPaths = (
				"${PODS_ROOT}/Target Support Files/Pods-WhatFlowerMT/Pods-WhatFlowerMT-frameworks-${CONFIGURATION}-input-files.xcfilelist",
			);
			name = "[CP] Embed Pods Frameworks";
			outputFileListPaths = (
				"${PODS_ROOT}/Target Support Files/Pods-WhatFlowerMT/Pods-WhatFlowerMT-frameworks-${CONFIGURATION}-output-files.xcfilelist",
			);
			runOnlyForDeploymentPostprocessing = 0;
			shellPath = /bin/sh;
			shellScript = "\"${PODS_ROOT}/Target Support Files/Pods-WhatFlowerMT/Pods-WhatFlowerMT-frameworks.sh\"\n";
			showEnvVarsInLog = 0;
		};
/* End PBXShellScriptBuildPhase section */

/* Begin PBXSourcesBuildPhase section */
		6D6493A7248C4DB6001D8B72 /* Sources */ = {
			isa = PBXSourcesBuildPhase;
			buildActionMask = 2147483647;
			files = (
				6D6493B3248C4DB6001D8B72 /* ViewController.swift in Sources */,
				6D6493B9248C4DB6001D8B72 /* WhatFlowerMT.xcdatamodeld in Sources */,
				6D6493AF248C4DB6001D8B72 /* AppDelegate.swift in Sources */,
				6D6493C8248C56ED001D8B72 /* FlowerClassifier.mlmodel in Sources */,
				6D6493B1248C4DB6001D8B72 /* SceneDelegate.swift in Sources */,
			);
			runOnlyForDeploymentPostprocessing = 0;
		};
/* End PBXSourcesBuildPhase section */

/* Begin PBXVariantGroup section */
		6D6493B4248C4DB6001D8B72 /* Main.storyboard */ = {
			isa = PBXVariantGroup;
			children = (
				6D6493B5248C4DB6001D8B72 /* Base */,
			);
			name = Main.storyboard;
			sourceTree = "<group>";
		};
		6D6493BC248C4DB7001D8B72 /* LaunchScreen.storyboard */ = {
			isa = PBXVariantGroup;
			children = (
				6D6493BD248C4DB7001D8B72 /* Base */,
			);
			name = LaunchScreen.storyboard;
			sourceTree = "<group>";
		};
/* End PBXVariantGroup section */

/* Begin XCBuildConfiguration section */
		6D6493C0248C4DB7001D8B72 /* Debug */ = {
			isa = XCBuildConfiguration;
			buildSettings = {
				ALWAYS_SEARCH_USER_PATHS = NO;
				CLANG_ANALYZER_NONNULL = YES;
				CLANG_ANALYZER_NUMBER_OBJECT_CONVERSION = YES_AGGRESSIVE;
				CLANG_CXX_LANGUAGE_STANDARD = "gnu++14";
				CLANG_CXX_LIBRARY = "libc++";
				CLANG_ENABLE_MODULES = YES;
				CLANG_ENABLE_OBJC_ARC = YES;
				CLANG_ENABLE_OBJC_WEAK = YES;
				CLANG_WARN_BLOCK_CAPTURE_AUTORELEASING = YES;
				CLANG_WARN_BOOL_CONVERSION = YES;
				CLANG_WARN_COMMA = YES;
				CLANG_WARN_CONSTANT_CONVERSION = YES;
				CLANG_WARN_DEPRECATED_OBJC_IMPLEMENTATIONS = YES;
				CLANG_WARN_DIRECT_OBJC_ISA_USAGE = YES_ERROR;
				CLANG_WARN_DOCUMENTATION_COMMENTS = YES;
				CLANG_WARN_EMPTY_BODY = YES;
				CLANG_WARN_ENUM_CONVERSION = YES;
				CLANG_WARN_INFINITE_RECURSION = YES;
				CLANG_WARN_INT_CONVERSION = YES;
				CLANG_WARN_NON_LITERAL_NULL_CONVERSION = YES;
				CLANG_WARN_OBJC_IMPLICIT_RETAIN_SELF = YES;
				CLANG_WARN_OBJC_LITERAL_CONVERSION = YES;
				CLANG_WARN_OBJC_ROOT_CLASS = YES_ERROR;
				CLANG_WARN_RANGE_LOOP_ANALYSIS = YES;
				CLANG_WARN_STRICT_PROTOTYPES = YES;
				CLANG_WARN_SUSPICIOUS_MOVE = YES;
				CLANG_WARN_UNGUARDED_AVAILABILITY = YES_AGGRESSIVE;
				CLANG_WARN_UNREACHABLE_CODE = YES;
				CLANG_WARN__DUPLICATE_METHOD_MATCH = YES;
				COPY_PHASE_STRIP = NO;
				DEBUG_INFORMATION_FORMAT = dwarf;
				ENABLE_STRICT_OBJC_MSGSEND = YES;
				ENABLE_TESTABILITY = YES;
				GCC_C_LANGUAGE_STANDARD = gnu11;
				GCC_DYNAMIC_NO_PIC = NO;
				GCC_NO_COMMON_BLOCKS = YES;
				GCC_OPTIMIZATION_LEVEL = 0;
				GCC_PREPROCESSOR_DEFINITIONS = (
					"DEBUG=1",
					"$(inherited)",
				);
				GCC_WARN_64_TO_32_BIT_CONVERSION = YES;
				GCC_WARN_ABOUT_RETURN_TYPE = YES_ERROR;
				GCC_WARN_UNDECLARED_SELECTOR = YES;
				GCC_WARN_UNINITIALIZED_AUTOS = YES_AGGRESSIVE;
				GCC_WARN_UNUSED_FUNCTION = YES;
				GCC_WARN_UNUSED_VARIABLE = YES;
				IPHONEOS_DEPLOYMENT_TARGET = 13.5;
				MTL_ENABLE_DEBUG_INFO = INCLUDE_SOURCE;
				MTL_FAST_MATH = YES;
				ONLY_ACTIVE_ARCH = YES;
				SDKROOT = iphoneos;
				SWIFT_ACTIVE_COMPILATION_CONDITIONS = DEBUG;
				SWIFT_OPTIMIZATION_LEVEL = "-Onone";
			};
			name = Debug;
		};
		6D6493C1248C4DB7001D8B72 /* Release */ = {
			isa = XCBuildConfiguration;
			buildSettings = {
				ALWAYS_SEARCH_USER_PATHS = NO;
				CLANG_ANALYZER_NONNULL = YES;
				CLANG_ANALYZER_NUMBER_OBJECT_CONVERSION = YES_AGGRESSIVE;
				CLANG_CXX_LANGUAGE_STANDARD = "gnu++14";
				CLANG_CXX_LIBRARY = "libc++";
				CLANG_ENABLE_MODULES = YES;
				CLANG_ENABLE_OBJC_ARC = YES;
				CLANG_ENABLE_OBJC_WEAK = YES;
				CLANG_WARN_BLOCK_CAPTURE_AUTORELEASING = YES;
				CLANG_WARN_BOOL_CONVERSION = YES;
				CLANG_WARN_COMMA = YES;
				CLANG_WARN_CONSTANT_CONVERSION = YES;
				CLANG_WARN_DEPRECATED_OBJC_IMPLEMENTATIONS = YES;
				CLANG_WARN_DIRECT_OBJC_ISA_USAGE = YES_ERROR;
				CLANG_WARN_DOCUMENTATION_COMMENTS = YES;
				CLANG_WARN_EMPTY_BODY = YES;
				CLANG_WARN_ENUM_CONVERSION = YES;
				CLANG_WARN_INFINITE_RECURSION = YES;
				CLANG_WARN_INT_CONVERSION = YES;
				CLANG_WARN_NON_LITERAL_NULL_CONVERSION = YES;
				CLANG_WARN_OBJC_IMPLICIT_RETAIN_SELF = YES;
				CLANG_WARN_OBJC_LITERAL_CONVERSION = YES;
				CLANG_WARN_OBJC_ROOT_CLASS = YES_ERROR;
				CLANG_WARN_RANGE_LOOP_ANALYSIS = YES;
				CLANG_WARN_STRICT_PROTOTYPES = YES;
				CLANG_WARN_SUSPICIOUS_MOVE = YES;
				CLANG_WARN_UNGUARDED_AVAILABILITY = YES_AGGRESSIVE;
				CLANG_WARN_UNREACHABLE_CODE = YES;
				CLANG_WARN__DUPLICATE_METHOD_MATCH = YES;
				COPY_PHASE_STRIP = NO;
				DEBUG_INFORMATION_FORMAT = "dwarf-with-dsym";
				ENABLE_NS_ASSERTIONS = NO;
				ENABLE_STRICT_OBJC_MSGSEND = YES;
				GCC_C_LANGUAGE_STANDARD = gnu11;
				GCC_NO_COMMON_BLOCKS = YES;
				GCC_WARN_64_TO_32_BIT_CONVERSION = YES;
				GCC_WARN_ABOUT_RETURN_TYPE = YES_ERROR;
				GCC_WARN_UNDECLARED_SELECTOR = YES;
				GCC_WARN_UNINITIALIZED_AUTOS = YES_AGGRESSIVE;
				GCC_WARN_UNUSED_FUNCTION = YES;
				GCC_WARN_UNUSED_VARIABLE = YES;
				IPHONEOS_DEPLOYMENT_TARGET = 13.5;
				MTL_ENABLE_DEBUG_INFO = NO;
				MTL_FAST_MATH = YES;
				SDKROOT = iphoneos;
				SWIFT_COMPILATION_MODE = wholemodule;
				SWIFT_OPTIMIZATION_LEVEL = "-O";
				VALIDATE_PRODUCT = YES;
			};
			name = Release;
		};
		6D6493C3248C4DB7001D8B72 /* Debug */ = {
			isa = XCBuildConfiguration;
			baseConfigurationReference = 95D262D1B8FC066755D9A0D8 /* Pods-WhatFlowerMT.debug.xcconfig */;
			buildSettings = {
				ASSETCATALOG_COMPILER_APPICON_NAME = AppIcon;
				CODE_SIGN_STYLE = Automatic;
				DEVELOPMENT_TEAM = RZTD869J8E;
				INFOPLIST_FILE = WhatFlowerMT/Info.plist;
				LD_RUNPATH_SEARCH_PATHS = (
					"$(inherited)",
					"@executable_path/Frameworks",
				);
				PRODUCT_BUNDLE_IDENTIFIER = com.michtang.WhatFlowerMT;
				PRODUCT_NAME = "$(TARGET_NAME)";
				SWIFT_VERSION = 5.0;
				TARGETED_DEVICE_FAMILY = "1,2";
			};
			name = Debug;
		};
		6D6493C4248C4DB7001D8B72 /* Release */ = {
			isa = XCBuildConfiguration;
			baseConfigurationReference = C1DAFA964376EBBC73F1D8FD /* Pods-WhatFlowerMT.release.xcconfig */;
			buildSettings = {
				ASSETCATALOG_COMPILER_APPICON_NAME = AppIcon;
				CODE_SIGN_STYLE = Automatic;
				DEVELOPMENT_TEAM = RZTD869J8E;
				INFOPLIST_FILE = WhatFlowerMT/Info.plist;
				LD_RUNPATH_SEARCH_PATHS = (
					"$(inherited)",
					"@executable_path/Frameworks",
				);
				PRODUCT_BUNDLE_IDENTIFIER = com.michtang.WhatFlowerMT;
				PRODUCT_NAME = "$(TARGET_NAME)";
				SWIFT_VERSION = 5.0;
				TARGETED_DEVICE_FAMILY = "1,2";
			};
			name = Release;
		};
/* End XCBuildConfiguration section */

/* Begin XCConfigurationList section */
		6D6493A6248C4DB6001D8B72 /* Build configuration list for PBXProject "WhatFlowerMT" */ = {
			isa = XCConfigurationList;
			buildConfigurations = (
				6D6493C0248C4DB7001D8B72 /* Debug */,
				6D6493C1248C4DB7001D8B72 /* Release */,
			);
			defaultConfigurationIsVisible = 0;
			defaultConfigurationName = Release;
		};
		6D6493C2248C4DB7001D8B72 /* Build configuration list for PBXNativeTarget "WhatFlowerMT" */ = {
			isa = XCConfigurationList;
			buildConfigurations = (
				6D6493C3248C4DB7001D8B72 /* Debug */,
				6D6493C4248C4DB7001D8B72 /* Release */,
			);
			defaultConfigurationIsVisible = 0;
			defaultConfigurationName = Release;
		};
/* End XCConfigurationList section */

/* Begin XCVersionGroup section */
		6D6493B7248C4DB6001D8B72 /* WhatFlowerMT.xcdatamodeld */ = {
			isa = XCVersionGroup;
			children = (
				6D6493B8248C4DB6001D8B72 /* WhatFlowerMT.xcdatamodel */,
			);
			currentVersion = 6D6493B8248C4DB6001D8B72 /* WhatFlowerMT.xcdatamodel */;
			path = WhatFlowerMT.xcdatamodeld;
			sourceTree = "<group>";
			versionGroupType = wrapper.xcdatamodel;
		};
/* End XCVersionGroup section */
	};
	rootObject = 6D6493A3248C4DB6001D8B72 /* Project object */;
}
